github.com/google/go-cmp v0.5.9 h1:O2Tfq5qg4qc4AmwVlvv0oLiVAGB7enBSJ2x2DqQFi38=
github.com/google/go-cmp v0.5.9/go.mod h1:17dUlkBOakJ0+DkrSSNjCkIjxS6bF9zb3elmeNGIjoY=
github.com/illbjorn/argv v0.2.0 h1:ZISkPhAh2BkQvtVs/QR/W+He5tYyeLrSFhV+o6AVUsk=
github.com/illbjorn/argv v0.2.0/go.mod h1:gOEkgRmfpcyXc1+4STO4pPf1FwCee5IIs1WD1OSCj44=
github.com/illbjorn/echo v0.7.4 h1:uAZwljWT6PgXrzpyx+Grb+Xe+PE1pVzk9EnQ6fMiIXQ=
github.com/illbjorn/echo v0.7.4/go.mod h1:S8pFqBxqPcp4qaHqxyUGmoiiRSyaTEj5r+Uo3N3chsY=
github.com/illbjorn/zest v0.1.1 h1:b8wSbkH52yNibkE4q9zlQWRk2b4j7j7Ko8LJR1AxeC4=
github.com/illbjorn/zest v0.1.1/go.mod h1:LH3Yv/6HXhG5Z9bauPYWT0uQP1zlp42RFUOb384cFrI=
gotest.tools/v3 v3.5.2 h1:7koQfIKdy+I8UTetycgUqXWSDwpgv193Ka+qRsmBY8Q=
gotest.tools/v3 v3.5.2/go.mod h1:LtdLGcnqToBH83WByAAi/wiwSFCArdFIUV/xxN4pcjA=
